
Microsoft Visual Studio Solution File, Format Version 12.00
# Visual Studio 15
VisualStudioVersion = 15.0.26730.16
MinimumVisualStudioVersion = 10.0.40219.1
Project("{888888A0-9F3D-457C-B088-3A5042F75D52}") = "bessel_funtion", "bessel_funtion\bessel_funtion.pyproj", "{D10F6A75-3B98-451C-9E46-97A8594F3FDD}"
EndProject
Global
	GlobalSection(SolutionConfigurationPlatforms) = preSolution
		Debug|Any CPU = Debug|Any CPU
		Release|Any CPU = Release|Any CPU
	EndGlobalSection
	GlobalSection(ProjectConfigurationPlatforms) = postSolution
		{D10F6A75-3B98-451C-9E46-97A8594F3FDD}.Debug|Any CPU.ActiveCfg = Debug|Any CPU
		{D10F6A75-3B98-451C-9E46-97A8594F3FDD}.Release|Any CPU.ActiveCfg = Release|Any CPU
	EndGlobalSection
	GlobalSection(SolutionProperties) = preSolution
		HideSolutionNode = FALSE
	EndGlobalSection
	GlobalSection(ExtensibilityGlobals) = postSolution
		SolutionGuid = {E5E3D662-B0FF-47C9-9A2A-2F977D65A454}
	EndGlobalSection
EndGlobal
